
Microsoft Visual Studio Solution File, Format Version 12.00
# Visual Studio Version 16
VisualStudioVersion = 16.0.29326.143
MinimumVisualStudioVersion = 10.0.40219.1
Project("{FAE04EC0-301F-11D3-BF4B-00C04F79EFBC}") = "Focus", "Focus\Focus.csproj", "{06B35157-7C37-452F-B003-D753A0AB80C3}"
EndProject
Project("{FAE04EC0-301F-11D3-BF4B-00C04F79EFBC}") = "LinqDb", "LinqDb\LinqDb.csproj", "{0DE8EDE8-0C4D-4F4B-80B3-D29AD1F18384}"
EndProject
Project("{FAE04EC0-301F-11D3-BF4B-00C04F79EFBC}") = "MetroFramework", "MetroFramework\MetroFramework\MetroFramework.csproj", "{BB41AC8B-CBED-4387-A7E0-4567EDB3F57F}"
EndProject
Global
	GlobalSection(SolutionConfigurationPlatforms) = preSolution
		Debug|Any CPU = Debug|Any CPU
		Release|Any CPU = Release|Any CPU
	EndGlobalSection
	GlobalSection(ProjectConfigurationPlatforms) = postSolution
		{06B35157-7C37-452F-B003-D753A0AB80C3}.Debug|Any CPU.ActiveCfg = Debug|Any CPU
		{06B35157-7C37-452F-B003-D753A0AB80C3}.Debug|Any CPU.Build.0 = Debug|Any CPU
		{06B35157-7C37-452F-B003-D753A0AB80C3}.Release|Any CPU.ActiveCfg = Release|Any CPU
		{06B35157-7C37-452F-B003-D753A0AB80C3}.Release|Any CPU.Build.0 = Release|Any CPU
		{0DE8EDE8-0C4D-4F4B-80B3-D29AD1F18384}.Debug|Any CPU.ActiveCfg = Debug|Any CPU
		{0DE8EDE8-0C4D-4F4B-80B3-D29AD1F18384}.Debug|Any CPU.Build.0 = Debug|Any CPU
		{0DE8EDE8-0C4D-4F4B-80B3-D29AD1F18384}.Release|Any CPU.ActiveCfg = Release|Any CPU
		{0DE8EDE8-0C4D-4F4B-80B3-D29AD1F18384}.Release|Any CPU.Build.0 = Release|Any CPU
		{BB41AC8B-CBED-4387-A7E0-4567EDB3F57F}.Debug|Any CPU.ActiveCfg = Debug|Any CPU
		{BB41AC8B-CBED-4387-A7E0-4567EDB3F57F}.Debug|Any CPU.Build.0 = Debug|Any CPU
		{BB41AC8B-CBED-4387-A7E0-4567EDB3F57F}.Release|Any CPU.ActiveCfg = Release|Any CPU
		{BB41AC8B-CBED-4387-A7E0-4567EDB3F57F}.Release|Any CPU.Build.0 = Release|Any CPU
	EndGlobalSection
	GlobalSection(SolutionProperties) = preSolution
		HideSolutionNode = FALSE
	EndGlobalSection
	GlobalSection(ExtensibilityGlobals) = postSolution
		SolutionGuid = {1DF24C87-CAC0-4821-B291-21DAF1387206}
	EndGlobalSection
EndGlobal
